
Microsoft Visual Studio Solution File, Format Version 12.00
# Visual Studio 15
VisualStudioVersion = 15.0.28307.572
MinimumVisualStudioVersion = 10.0.40219.1
Project("{FAE04EC0-301F-11D3-BF4B-00C04F79EFBC}") = "Airfare_Calendar.Android", "Airfare_Calendar\Airfare_Calendar.Android\Airfare_Calendar.Android.csproj", "{493094AF-8BEB-49A6-81F6-6E33845D498F}"
EndProject
Project("{FAE04EC0-301F-11D3-BF4B-00C04F79EFBC}") = "Airfare_Calendar.iOS", "Airfare_Calendar\Airfare_Calendar.iOS\Airfare_Calendar.iOS.csproj", "{CCCBBECF-0CA7-4926-96F8-EDEF65011160}"
EndProject
Project("{FAE04EC0-301F-11D3-BF4B-00C04F79EFBC}") = "Airfare_Calendar.UWP", "Airfare_Calendar\Airfare_Calendar.UWP\Airfare_Calendar.UWP.csproj", "{2E5EEBDC-5D48-4ADD-891C-43A09948E43D}"
EndProject
Project("{FAE04EC0-301F-11D3-BF4B-00C04F79EFBC}") = "Airfare_Calendar", "Airfare_Calendar\Airfare_Calendar\Airfare_Calendar.csproj", "{21054DC8-B96E-4DFC-956B-0B676E08BC25}"
EndProject
Global
	GlobalSection(SolutionConfigurationPlatforms) = preSolution
		Ad-Hoc|Any CPU = Ad-Hoc|Any CPU
		Ad-Hoc|ARM = Ad-Hoc|ARM
		Ad-Hoc|iPhone = Ad-Hoc|iPhone
		Ad-Hoc|iPhoneSimulator = Ad-Hoc|iPhoneSimulator
		Ad-Hoc|x64 = Ad-Hoc|x64
		Ad-Hoc|x86 = Ad-Hoc|x86
		AppStore|Any CPU = AppStore|Any CPU
		AppStore|ARM = AppStore|ARM
		AppStore|iPhone = AppStore|iPhone
		AppStore|iPhoneSimulator = AppStore|iPhoneSimulator
		AppStore|x64 = AppStore|x64
		AppStore|x86 = AppStore|x86
		Debug|Any CPU = Debug|Any CPU
		Debug|ARM = Debug|ARM
		Debug|iPhone = Debug|iPhone
		Debug|iPhoneSimulator = Debug|iPhoneSimulator
		Debug|x64 = Debug|x64
		Debug|x86 = Debug|x86
		Release|Any CPU = Release|Any CPU
		Release|ARM = Release|ARM
		Release|iPhone = Release|iPhone
		Release|iPhoneSimulator = Release|iPhoneSimulator
		Release|x64 = Release|x64
		Release|x86 = Release|x86
	EndGlobalSection
	GlobalSection(ProjectConfigurationPlatforms) = postSolution
		{493094AF-8BEB-49A6-81F6-6E33845D498F}.Ad-Hoc|Any CPU.ActiveCfg = Release|Any CPU
		{493094AF-8BEB-49A6-81F6-6E33845D498F}.Ad-Hoc|Any CPU.Build.0 = Release|Any CPU
		{493094AF-8BEB-49A6-81F6-6E33845D498F}.Ad-Hoc|Any CPU.Deploy.0 = Release|Any CPU
		{493094AF-8BEB-49A6-81F6-6E33845D498F}.Ad-Hoc|ARM.ActiveCfg = Release|Any CPU
		{493094AF-8BEB-49A6-81F6-6E33845D498F}.Ad-Hoc|ARM.Build.0 = Release|Any CPU
		{493094AF-8BEB-49A6-81F6-6E33845D498F}.Ad-Hoc|ARM.Deploy.0 = Release|Any CPU
		{493094AF-8BEB-49A6-81F6-6E33845D498F}.Ad-Hoc|iPhone.ActiveCfg = Release|Any CPU
		{493094AF-8BEB-49A6-81F6-6E33845D498F}.Ad-Hoc|iPhone.Build.0 = Release|Any CPU
		{493094AF-8BEB-49A6-81F6-6E33845D498F}.Ad-Hoc|iPhone.Deploy.0 = Release|Any CPU
		{493094AF-8BEB-49A6-81F6-6E33845D498F}.Ad-Hoc|iPhoneSimulator.ActiveCfg = Release|Any CPU
		{493094AF-8BEB-49A6-81F6-6E33845D498F}.Ad-Hoc|iPhoneSimulator.Build.0 = Release|Any CPU
		{493094AF-8BEB-49A6-81F6-6E33845D498F}.Ad-Hoc|iPhoneSimulator.Deploy.0 = Release|Any CPU
		{493094AF-8BEB-49A6-81F6-6E33845D498F}.Ad-Hoc|x64.ActiveCfg = Release|Any CPU
		{493094AF-8BEB-49A6-81F6-6E33845D498F}.Ad-Hoc|x64.Build.0 = Release|Any CPU
		{493094AF-8BEB-49A6-81F6-6E33845D498F}.Ad-Hoc|x64.Deploy.0 = Release|Any CPU
		{493094AF-8BEB-49A6-81F6-6E33845D498F}.Ad-Hoc|x86.ActiveCfg = Release|Any CPU
		{493094AF-8BEB-49A6-81F6-6E33845D498F}.Ad-Hoc|x86.Build.0 = Release|Any CPU
		{493094AF-8BEB-49A6-81F6-6E33845D498F}.Ad-Hoc|x86.Deploy.0 = Release|Any CPU
		{493094AF-8BEB-49A6-81F6-6E33845D498F}.AppStore|Any CPU.ActiveCfg = Release|Any CPU
		{493094AF-8BEB-49A6-81F6-6E33845D498F}.AppStore|Any CPU.Build.0 = Release|Any CPU
		{493094AF-8BEB-49A6-81F6-6E33845D498F}.AppStore|Any CPU.Deploy.0 = Release|Any CPU
		{493094AF-8BEB-49A6-81F6-6E33845D498F}.AppStore|ARM.ActiveCfg = Release|Any CPU
		{493094AF-8BEB-49A6-81F6-6E33845D498F}.AppStore|ARM.Build.0 = Release|Any CPU
		{493094AF-8BEB-49A6-81F6-6E33845D498F}.AppStore|ARM.Deploy.0 = Release|Any CPU
		{493094AF-8BEB-49A6-81F6-6E33845D498F}.AppStore|iPhone.ActiveCfg = Release|Any CPU
		{493094AF-8BEB-49A6-81F6-6E33845D498F}.AppStore|iPhone.Build.0 = Release|Any CPU
		{493094AF-8BEB-49A6-81F6-6E33845D498F}.AppStore|iPhone.Deploy.0 = Release|Any CPU
		{493094AF-8BEB-49A6-81F6-6E33845D498F}.AppStore|iPhoneSimulator.ActiveCfg = Release|Any CPU
		{493094AF-8BEB-49A6-81F6-6E33845D498F}.AppStore|iPhoneSimulator.Build.0 = Release|Any CPU
		{493094AF-8BEB-49A6-81F6-6E33845D498F}.AppStore|iPhoneSimulator.Deploy.0 = Release|Any CPU
		{493094AF-8BEB-49A6-81F6-6E33845D498F}.AppStore|x64.ActiveCfg = Release|Any CPU
		{493094AF-8BEB-49A6-81F6-6E33845D498F}.AppStore|x64.Build.0 = Release|Any CPU
		{493094AF-8BEB-49A6-81F6-6E33845D498F}.AppStore|x64.Deploy.0 = Release|Any CPU
		{493094AF-8BEB-49A6-81F6-6E33845D498F}.AppStore|x86.ActiveCfg = Release|Any CPU
		{493094AF-8BEB-49A6-81F6-6E33845D498F}.AppStore|x86.Build.0 = Release|Any CPU
		{493094AF-8BEB-49A6-81F6-6E33845D498F}.AppStore|x86.Deploy.0 = Release|Any CPU
		{493094AF-8BEB-49A6-81F6-6E33845D498F}.Debug|Any CPU.ActiveCfg = Debug|Any CPU
		{493094AF-8BEB-49A6-81F6-6E33845D498F}.Debug|Any CPU.Build.0 = Debug|Any CPU
		{493094AF-8BEB-49A6-81F6-6E33845D498F}.Debug|Any CPU.Deploy.0 = Debug|Any CPU
		{493094AF-8BEB-49A6-81F6-6E33845D498F}.Debug|ARM.ActiveCfg = Debug|Any CPU
		{493094AF-8BEB-49A6-81F6-6E33845D498F}.Debug|ARM.Build.0 = Debug|Any CPU
		{493094AF-8BEB-49A6-81F6-6E33845D498F}.Debug|ARM.Deploy.0 = Debug|Any CPU
		{493094AF-8BEB-49A6-81F6-6E33845D498F}.Debug|iPhone.ActiveCfg = Debug|Any CPU
		{493094AF-8BEB-49A6-81F6-6E33845D498F}.Debug|iPhone.Build.0 = Debug|Any CPU
		{493094AF-8BEB-49A6-81F6-6E33845D498F}.Debug|iPhone.Deploy.0 = Debug|Any CPU
		{493094AF-8BEB-49A6-81F6-6E33845D498F}.Debug|iPhoneSimulator.ActiveCfg = Debug|Any CPU
		{493094AF-8BEB-49A6-81F6-6E33845D498F}.Debug|iPhoneSimulator.Build.0 = Debug|Any CPU
		{493094AF-8BEB-49A6-81F6-6E33845D498F}.Debug|iPhoneSimulator.Deploy.0 = Debug|Any CPU
		{493094AF-8BEB-49A6-81F6-6E33845D498F}.Debug|x64.ActiveCfg = Debug|Any CPU
		{493094AF-8BEB-49A6-81F6-6E33845D498F}.Debug|x64.Build.0 = Debug|Any CPU
		{493094AF-8BEB-49A6-81F6-6E33845D498F}.Debug|x64.Deploy.0 = Debug|Any CPU
		{493094AF-8BEB-49A6-81F6-6E33845D498F}.Debug|x86.ActiveCfg = Debug|Any CPU
		{493094AF-8BEB-49A6-81F6-6E33845D498F}.Debug|x86.Build.0 = Debug|Any CPU
		{493094AF-8BEB-49A6-81F6-6E33845D498F}.Debug|x86.Deploy.0 = Debug|Any CPU
		{493094AF-8BEB-49A6-81F6-6E33845D498F}.Release|Any CPU.ActiveCfg = Release|Any CPU
		{493094AF-8BEB-49A6-81F6-6E33845D498F}.Release|Any CPU.Build.0 = Release|Any CPU
		{493094AF-8BEB-49A6-81F6-6E33845D498F}.Release|Any CPU.Deploy.0 = Release|Any CPU
		{493094AF-8BEB-49A6-81F6-6E33845D498F}.Release|ARM.ActiveCfg = Release|Any CPU
		{493094AF-8BEB-49A6-81F6-6E33845D498F}.Release|ARM.Build.0 = Release|Any CPU
		{493094AF-8BEB-49A6-81F6-6E33845D498F}.Release|ARM.Deploy.0 = Release|Any CPU
		{493094AF-8BEB-49A6-81F6-6E33845D498F}.Release|iPhone.ActiveCfg = Release|Any CPU
		{493094AF-8BEB-49A6-81F6-6E33845D498F}.Release|iPhone.Build.0 = Release|Any CPU
		{493094AF-8BEB-49A6-81F6-6E33845D498F}.Release|iPhone.Deploy.0 = Release|Any CPU
		{493094AF-8BEB-49A6-81F6-6E33845D498F}.Release|iPhoneSimulator.ActiveCfg = Release|Any CPU
		{493094AF-8BEB-49A6-81F6-6E33845D498F}.Release|iPhoneSimulator.Build.0 = Release|Any CPU
		{493094AF-8BEB-49A6-81F6-6E33845D498F}.Release|iPhoneSimulator.Deploy.0 = Release|Any CPU
		{493094AF-8BEB-49A6-81F6-6E33845D498F}.Release|x64.ActiveCfg = Release|Any CPU
		{493094AF-8BEB-49A6-81F6-6E33845D498F}.Release|x64.Build.0 = Release|Any CPU
		{493094AF-8BEB-49A6-81F6-6E33845D498F}.Release|x64.Deploy.0 = Release|Any CPU
		{493094AF-8BEB-49A6-81F6-6E33845D498F}.Release|x86.ActiveCfg = Release|Any CPU
		{493094AF-8BEB-49A6-81F6-6E33845D498F}.Release|x86.Build.0 = Release|Any CPU
		{493094AF-8BEB-49A6-81F6-6E33845D498F}.Release|x86.Deploy.0 = Release|Any CPU
		{CCCBBECF-0CA7-4926-96F8-EDEF65011160}.Ad-Hoc|Any CPU.ActiveCfg = Ad-Hoc|iPhone
		{CCCBBECF-0CA7-4926-96F8-EDEF65011160}.Ad-Hoc|Any CPU.Build.0 = Ad-Hoc|iPhone
		{CCCBBECF-0CA7-4926-96F8-EDEF65011160}.Ad-Hoc|Any CPU.Deploy.0 = Ad-Hoc|iPhone
		{CCCBBECF-0CA7-4926-96F8-EDEF65011160}.Ad-Hoc|ARM.ActiveCfg = Ad-Hoc|iPhone
		{CCCBBECF-0CA7-4926-96F8-EDEF65011160}.Ad-Hoc|ARM.Build.0 = Ad-Hoc|iPhone
		{CCCBBECF-0CA7-4926-96F8-EDEF65011160}.Ad-Hoc|ARM.Deploy.0 = Ad-Hoc|iPhone
		{CCCBBECF-0CA7-4926-96F8-EDEF65011160}.Ad-Hoc|iPhone.ActiveCfg = Ad-Hoc|iPhone
		{CCCBBECF-0CA7-4926-96F8-EDEF65011160}.Ad-Hoc|iPhone.Build.0 = Ad-Hoc|iPhone
		{CCCBBECF-0CA7-4926-96F8-EDEF65011160}.Ad-Hoc|iPhone.Deploy.0 = Ad-Hoc|iPhone
		{CCCBBECF-0CA7-4926-96F8-EDEF65011160}.Ad-Hoc|iPhoneSimulator.ActiveCfg = Ad-Hoc|iPhoneSimulator
		{CCCBBECF-0CA7-4926-96F8-EDEF65011160}.Ad-Hoc|iPhoneSimulator.Build.0 = Ad-Hoc|iPhoneSimulator
		{CCCBBECF-0CA7-4926-96F8-EDEF65011160}.Ad-Hoc|iPhoneSimulator.Deploy.0 = Ad-Hoc|iPhoneSimulator
		{CCCBBECF-0CA7-4926-96F8-EDEF65011160}.Ad-Hoc|x64.ActiveCfg = Ad-Hoc|iPhone
		{CCCBBECF-0CA7-4926-96F8-EDEF65011160}.Ad-Hoc|x64.Build.0 = Ad-Hoc|iPhone
		{CCCBBECF-0CA7-4926-96F8-EDEF65011160}.Ad-Hoc|x64.Deploy.0 = Ad-Hoc|iPhone
		{CCCBBECF-0CA7-4926-96F8-EDEF65011160}.Ad-Hoc|x86.ActiveCfg = Ad-Hoc|iPhone
		{CCCBBECF-0CA7-4926-96F8-EDEF65011160}.Ad-Hoc|x86.Build.0 = Ad-Hoc|iPhone
		{CCCBBECF-0CA7-4926-96F8-EDEF65011160}.Ad-Hoc|x86.Deploy.0 = Ad-Hoc|iPhone
		{CCCBBECF-0CA7-4926-96F8-EDEF65011160}.AppStore|Any CPU.ActiveCfg = AppStore|iPhone
		{CCCBBECF-0CA7-4926-96F8-EDEF65011160}.AppStore|Any CPU.Build.0 = AppStore|iPhone
		{CCCBBECF-0CA7-4926-96F8-EDEF65011160}.AppStore|Any CPU.Deploy.0 = AppStore|iPhone
		{CCCBBECF-0CA7-4926-96F8-EDEF65011160}.AppStore|ARM.ActiveCfg = AppStore|iPhone
		{CCCBBECF-0CA7-4926-96F8-EDEF65011160}.AppStore|ARM.Build.0 = AppStore|iPhone
		{CCCBBECF-0CA7-4926-96F8-EDEF65011160}.AppStore|ARM.Deploy.0 = AppStore|iPhone
		{CCCBBECF-0CA7-4926-96F8-EDEF65011160}.AppStore|iPhone.ActiveCfg = AppStore|iPhone
		{CCCBBECF-0CA7-4926-96F8-EDEF65011160}.AppStore|iPhone.Build.0 = AppStore|iPhone
		{CCCBBECF-0CA7-4926-96F8-EDEF65011160}.AppStore|iPhone.Deploy.0 = AppStore|iPhone
		{CCCBBECF-0CA7-4926-96F8-EDEF65011160}.AppStore|iPhoneSimulator.ActiveCfg = AppStore|iPhoneSimulator
		{CCCBBECF-0CA7-4926-96F8-EDEF65011160}.AppStore|iPhoneSimulator.Build.0 = AppStore|iPhoneSimulator
		{CCCBBECF-0CA7-4926-96F8-EDEF65011160}.AppStore|iPhoneSimulator.Deploy.0 = AppStore|iPhoneSimulator
		{CCCBBECF-0CA7-4926-96F8-EDEF65011160}.AppStore|x64.ActiveCfg = AppStore|iPhone
		{CCCBBECF-0CA7-4926-96F8-EDEF65011160}.AppStore|x64.Build.0 = AppStore|iPhone
		{CCCBBECF-0CA7-4926-96F8-EDEF65011160}.AppStore|x64.Deploy.0 = AppStore|iPhone
		{CCCBBECF-0CA7-4926-96F8-EDEF65011160}.AppStore|x86.ActiveCfg = AppStore|iPhone
		{CCCBBECF-0CA7-4926-96F8-EDEF65011160}.AppStore|x86.Build.0 = AppStore|iPhone
		{CCCBBECF-0CA7-4926-96F8-EDEF65011160}.AppStore|x86.Deploy.0 = AppStore|iPhone
		{CCCBBECF-0CA7-4926-96F8-EDEF65011160}.Debug|Any CPU.ActiveCfg = Debug|iPhoneSimulator
		{CCCBBECF-0CA7-4926-96F8-EDEF65011160}.Debug|Any CPU.Build.0 = Debug|iPhoneSimulator
		{CCCBBECF-0CA7-4926-96F8-EDEF65011160}.Debug|Any CPU.Deploy.0 = Debug|iPhoneSimulator
		{CCCBBECF-0CA7-4926-96F8-EDEF65011160}.Debug|ARM.ActiveCfg = Debug|iPhone
		{CCCBBECF-0CA7-4926-96F8-EDEF65011160}.Debug|ARM.Build.0 = Debug|iPhone
		{CCCBBECF-0CA7-4926-96F8-EDEF65011160}.Debug|ARM.Deploy.0 = Debug|iPhone
		{CCCBBECF-0CA7-4926-96F8-EDEF65011160}.Debug|iPhone.ActiveCfg = Debug|iPhone
		{CCCBBECF-0CA7-4926-96F8-EDEF65011160}.Debug|iPhone.Build.0 = Debug|iPhone
		{CCCBBECF-0CA7-4926-96F8-EDEF65011160}.Debug|iPhone.Deploy.0 = Debug|iPhone
		{CCCBBECF-0CA7-4926-96F8-EDEF65011160}.Debug|iPhoneSimulator.ActiveCfg = Debug|iPhoneSimulator
		{CCCBBECF-0CA7-4926-96F8-EDEF65011160}.Debug|iPhoneSimulator.Build.0 = Debug|iPhoneSimulator
		{CCCBBECF-0CA7-4926-96F8-EDEF65011160}.Debug|iPhoneSimulator.Deploy.0 = Debug|iPhoneSimulator
		{CCCBBECF-0CA7-4926-96F8-EDEF65011160}.Debug|x64.ActiveCfg = Debug|iPhone
		{CCCBBECF-0CA7-4926-96F8-EDEF65011160}.Debug|x64.Build.0 = Debug|iPhone
		{CCCBBECF-0CA7-4926-96F8-EDEF65011160}.Debug|x64.Deploy.0 = Debug|iPhone
		{CCCBBECF-0CA7-4926-96F8-EDEF65011160}.Debug|x86.ActiveCfg = Debug|iPhone
		{CCCBBECF-0CA7-4926-96F8-EDEF65011160}.Debug|x86.Build.0 = Debug|iPhone
		{CCCBBECF-0CA7-4926-96F8-EDEF65011160}.Debug|x86.Deploy.0 = Debug|iPhone
		{CCCBBECF-0CA7-4926-96F8-EDEF65011160}.Release|Any CPU.ActiveCfg = Release|iPhone
		{CCCBBECF-0CA7-4926-96F8-EDEF65011160}.Release|Any CPU.Build.0 = Release|iPhone
		{CCCBBECF-0CA7-4926-96F8-EDEF65011160}.Release|Any CPU.Deploy.0 = Release|iPhone
		{CCCBBECF-0CA7-4926-96F8-EDEF65011160}.Release|ARM.ActiveCfg = Release|iPhone
		{CCCBBECF-0CA7-4926-96F8-EDEF65011160}.Release|ARM.Build.0 = Release|iPhone
		{CCCBBECF-0CA7-4926-96F8-EDEF65011160}.Release|ARM.Deploy.0 = Release|iPhone
		{CCCBBECF-0CA7-4926-96F8-EDEF65011160}.Release|iPhone.ActiveCfg = Release|iPhone
		{CCCBBECF-0CA7-4926-96F8-EDEF65011160}.Release|iPhone.Build.0 = Release|iPhone
		{CCCBBECF-0CA7-4926-96F8-EDEF65011160}.Release|iPhone.Deploy.0 = Release|iPhone
		{CCCBBECF-0CA7-4926-96F8-EDEF65011160}.Release|iPhoneSimulator.ActiveCfg = Release|iPhoneSimulator
		{CCCBBECF-0CA7-4926-96F8-EDEF65011160}.Release|iPhoneSimulator.Build.0 = Release|iPhoneSimulator
		{CCCBBECF-0CA7-4926-96F8-EDEF65011160}.Release|iPhoneSimulator.Deploy.0 = Release|iPhoneSimulator
		{CCCBBECF-0CA7-4926-96F8-EDEF65011160}.Release|x64.ActiveCfg = Release|iPhone
		{CCCBBECF-0CA7-4926-96F8-EDEF65011160}.Release|x64.Build.0 = Release|iPhone
		{CCCBBECF-0CA7-4926-96F8-EDEF65011160}.Release|x64.Deploy.0 = Release|iPhone
		{CCCBBECF-0CA7-4926-96F8-EDEF65011160}.Release|x86.ActiveCfg = Release|iPhone
		{CCCBBECF-0CA7-4926-96F8-EDEF65011160}.Release|x86.Build.0 = Release|iPhone
		{CCCBBECF-0CA7-4926-96F8-EDEF65011160}.Release|x86.Deploy.0 = Release|iPhone
		{2E5EEBDC-5D48-4ADD-891C-43A09948E43D}.Ad-Hoc|Any CPU.ActiveCfg = Release|x86
		{2E5EEBDC-5D48-4ADD-891C-43A09948E43D}.Ad-Hoc|Any CPU.Build.0 = Release|x86
		{2E5EEBDC-5D48-4ADD-891C-43A09948E43D}.Ad-Hoc|Any CPU.Deploy.0 = Release|x86
		{2E5EEBDC-5D48-4ADD-891C-43A09948E43D}.Ad-Hoc|ARM.ActiveCfg = Release|ARM
		{2E5EEBDC-5D48-4ADD-891C-43A09948E43D}.Ad-Hoc|ARM.Build.0 = Release|ARM
		{2E5EEBDC-5D48-4ADD-891C-43A09948E43D}.Ad-Hoc|ARM.Deploy.0 = Release|ARM
		{2E5EEBDC-5D48-4ADD-891C-43A09948E43D}.Ad-Hoc|iPhone.ActiveCfg = Release|x86
		{2E5EEBDC-5D48-4ADD-891C-43A09948E43D}.Ad-Hoc|iPhone.Build.0 = Release|x86
		{2E5EEBDC-5D48-4ADD-891C-43A09948E43D}.Ad-Hoc|iPhone.Deploy.0 = Release|x86
		{2E5EEBDC-5D48-4ADD-891C-43A09948E43D}.Ad-Hoc|iPhoneSimulator.ActiveCfg = Release|x86
		{2E5EEBDC-5D48-4ADD-891C-43A09948E43D}.Ad-Hoc|iPhoneSimulator.Build.0 = Release|x86
		{2E5EEBDC-5D48-4ADD-891C-43A09948E43D}.Ad-Hoc|iPhoneSimulator.Deploy.0 = Release|x86
		{2E5EEBDC-5D48-4ADD-891C-43A09948E43D}.Ad-Hoc|x64.ActiveCfg = Release|x64
		{2E5EEBDC-5D48-4ADD-891C-43A09948E43D}.Ad-Hoc|x64.Build.0 = Release|x64
		{2E5EEBDC-5D48-4ADD-891C-43A09948E43D}.Ad-Hoc|x64.Deploy.0 = Release|x64
		{2E5EEBDC-5D48-4ADD-891C-43A09948E43D}.Ad-Hoc|x86.ActiveCfg = Release|x86
		{2E5EEBDC-5D48-4ADD-891C-43A09948E43D}.Ad-Hoc|x86.Build.0 = Release|x86
		{2E5EEBDC-5D48-4ADD-891C-43A09948E43D}.Ad-Hoc|x86.Deploy.0 = Release|x86
		{2E5EEBDC-5D48-4ADD-891C-43A09948E43D}.AppStore|Any CPU.ActiveCfg = Release|x86
		{2E5EEBDC-5D48-4ADD-891C-43A09948E43D}.AppStore|Any CPU.Build.0 = Release|x86
		{2E5EEBDC-5D48-4ADD-891C-43A09948E43D}.AppStore|Any CPU.Deploy.0 = Release|x86
		{2E5EEBDC-5D48-4ADD-891C-43A09948E43D}.AppStore|ARM.ActiveCfg = Release|ARM
		{2E5EEBDC-5D48-4ADD-891C-43A09948E43D}.AppStore|ARM.Build.0 = Release|ARM
		{2E5EEBDC-5D48-4ADD-891C-43A09948E43D}.AppStore|ARM.Deploy.0 = Release|ARM
		{2E5EEBDC-5D48-4ADD-891C-43A09948E43D}.AppStore|iPhone.ActiveCfg = Release|x86
		{2E5EEBDC-5D48-4ADD-891C-43A09948E43D}.AppStore|iPhone.Build.0 = Release|x86
		{2E5EEBDC-5D48-4ADD-891C-43A09948E43D}.AppStore|iPhone.Deploy.0 = Release|x86
		{2E5EEBDC-5D48-4ADD-891C-43A09948E43D}.AppStore|iPhoneSimulator.ActiveCfg = Release|x86
		{2E5EEBDC-5D48-4ADD-891C-43A09948E43D}.AppStore|iPhoneSimulator.Build.0 = Release|x86
		{2E5EEBDC-5D48-4ADD-891C-43A09948E43D}.AppStore|iPhoneSimulator.Deploy.0 = Release|x86
		{2E5EEBDC-5D48-4ADD-891C-43A09948E43D}.AppStore|x64.ActiveCfg = Release|x64
		{2E5EEBDC-5D48-4ADD-891C-43A09948E43D}.AppStore|x64.Build.0 = Release|x64
		{2E5EEBDC-5D48-4ADD-891C-43A09948E43D}.AppStore|x64.Deploy.0 = Release|x64
		{2E5EEBDC-5D48-4ADD-891C-43A09948E43D}.AppStore|x86.ActiveCfg = Release|x86
		{2E5EEBDC-5D48-4ADD-891C-43A09948E43D}.AppStore|x86.Build.0 = Release|x86
		{2E5EEBDC-5D48-4ADD-891C-43A09948E43D}.AppStore|x86.Deploy.0 = Release|x86
		{2E5EEBDC-5D48-4ADD-891C-43A09948E43D}.Debug|Any CPU.ActiveCfg = Debug|x86
		{2E5EEBDC-5D48-4ADD-891C-43A09948E43D}.Debug|Any CPU.Build.0 = Debug|x86
		{2E5EEBDC-5D48-4ADD-891C-43A09948E43D}.Debug|Any CPU.Deploy.0 = Debug|x86
		{2E5EEBDC-5D48-4ADD-891C-43A09948E43D}.Debug|ARM.ActiveCfg = Debug|ARM
		{2E5EEBDC-5D48-4ADD-891C-43A09948E43D}.Debug|ARM.Build.0 = Debug|ARM
		{2E5EEBDC-5D48-4ADD-891C-43A09948E43D}.Debug|ARM.Deploy.0 = Debug|ARM
		{2E5EEBDC-5D48-4ADD-891C-43A09948E43D}.Debug|iPhone.ActiveCfg = Debug|x86
		{2E5EEBDC-5D48-4ADD-891C-43A09948E43D}.Debug|iPhone.Build.0 = Debug|x86
		{2E5EEBDC-5D48-4ADD-891C-43A09948E43D}.Debug|iPhone.Deploy.0 = Debug|x86
		{2E5EEBDC-5D48-4ADD-891C-43A09948E43D}.Debug|iPhoneSimulator.ActiveCfg = Debug|x86
		{2E5EEBDC-5D48-4ADD-891C-43A09948E43D}.Debug|iPhoneSimulator.Build.0 = Debug|x86
		{2E5EEBDC-5D48-4ADD-891C-43A09948E43D}.Debug|iPhoneSimulator.Deploy.0 = Debug|x86
		{2E5EEBDC-5D48-4ADD-891C-43A09948E43D}.Debug|x64.ActiveCfg = Debug|x64
		{2E5EEBDC-5D48-4ADD-891C-43A09948E43D}.Debug|x64.Build.0 = Debug|x64
		{2E5EEBDC-5D48-4ADD-891C-43A09948E43D}.Debug|x64.Deploy.0 = Debug|x64
		{2E5EEBDC-5D48-4ADD-891C-43A09948E43D}.Debug|x86.ActiveCfg = Debug|x86
		{2E5EEBDC-5D48-4ADD-891C-43A09948E43D}.Debug|x86.Build.0 = Debug|x86
		{2E5EEBDC-5D48-4ADD-891C-43A09948E43D}.Debug|x86.Deploy.0 = Debug|x86
		{2E5EEBDC-5D48-4ADD-891C-43A09948E43D}.Release|Any CPU.ActiveCfg = Release|x86
		{2E5EEBDC-5D48-4ADD-891C-43A09948E43D}.Release|Any CPU.Build.0 = Release|x86
		{2E5EEBDC-5D48-4ADD-891C-43A09948E43D}.Release|Any CPU.Deploy.0 = Release|x86
		{2E5EEBDC-5D48-4ADD-891C-43A09948E43D}.Release|ARM.ActiveCfg = Release|ARM
		{2E5EEBDC-5D48-4ADD-891C-43A09948E43D}.Release|ARM.Build.0 = Release|ARM
		{2E5EEBDC-5D48-4ADD-891C-43A09948E43D}.Release|ARM.Deploy.0 = Release|ARM
		{2E5EEBDC-5D48-4ADD-891C-43A09948E43D}.Release|iPhone.ActiveCfg = Release|x86
		{2E5EEBDC-5D48-4ADD-891C-43A09948E43D}.Release|iPhone.Build.0 = Release|x86
		{2E5EEBDC-5D48-4ADD-891C-43A09948E43D}.Release|iPhone.Deploy.0 = Release|x86
		{2E5EEBDC-5D48-4ADD-891C-43A09948E43D}.Release|iPhoneSimulator.ActiveCfg = Release|x86
		{2E5EEBDC-5D48-4ADD-891C-43A09948E43D}.Release|iPhoneSimulator.Build.0 = Release|x86
		{2E5EEBDC-5D48-4ADD-891C-43A09948E43D}.Release|iPhoneSimulator.Deploy.0 = Release|x86
		{2E5EEBDC-5D48-4ADD-891C-43A09948E43D}.Release|x64.ActiveCfg = Release|x64
		{2E5EEBDC-5D48-4ADD-891C-43A09948E43D}.Release|x64.Build.0 = Release|x64
		{2E5EEBDC-5D48-4ADD-891C-43A09948E43D}.Release|x64.Deploy.0 = Release|x64
		{2E5EEBDC-5D48-4ADD-891C-43A09948E43D}.Release|x86.ActiveCfg = Release|x86
		{2E5EEBDC-5D48-4ADD-891C-43A09948E43D}.Release|x86.Build.0 = Release|x86
		{2E5EEBDC-5D48-4ADD-891C-43A09948E43D}.Release|x86.Deploy.0 = Release|x86
		{21054DC8-B96E-4DFC-956B-0B676E08BC25}.Ad-Hoc|Any CPU.ActiveCfg = Debug|Any CPU
		{21054DC8-B96E-4DFC-956B-0B676E08BC25}.Ad-Hoc|Any CPU.Build.0 = Debug|Any CPU
		{21054DC8-B96E-4DFC-956B-0B676E08BC25}.Ad-Hoc|Any CPU.Deploy.0 = Debug|Any CPU
		{21054DC8-B96E-4DFC-956B-0B676E08BC25}.Ad-Hoc|ARM.ActiveCfg = Debug|Any CPU
		{21054DC8-B96E-4DFC-956B-0B676E08BC25}.Ad-Hoc|ARM.Build.0 = Debug|Any CPU
		{21054DC8-B96E-4DFC-956B-0B676E08BC25}.Ad-Hoc|ARM.Deploy.0 = Debug|Any CPU
		{21054DC8-B96E-4DFC-956B-0B676E08BC25}.Ad-Hoc|iPhone.ActiveCfg = Debug|Any CPU
		{21054DC8-B96E-4DFC-956B-0B676E08BC25}.Ad-Hoc|iPhone.Build.0 = Debug|Any CPU
		{21054DC8-B96E-4DFC-956B-0B676E08BC25}.Ad-Hoc|iPhone.Deploy.0 = Debug|Any CPU
		{21054DC8-B96E-4DFC-956B-0B676E08BC25}.Ad-Hoc|iPhoneSimulator.ActiveCfg = Debug|Any CPU
		{21054DC8-B96E-4DFC-956B-0B676E08BC25}.Ad-Hoc|iPhoneSimulator.Build.0 = Debug|Any CPU
		{21054DC8-B96E-4DFC-956B-0B676E08BC25}.Ad-Hoc|iPhoneSimulator.Deploy.0 = Debug|Any CPU
		{21054DC8-B96E-4DFC-956B-0B676E08BC25}.Ad-Hoc|x64.ActiveCfg = Debug|Any CPU
		{21054DC8-B96E-4DFC-956B-0B676E08BC25}.Ad-Hoc|x64.Build.0 = Debug|Any CPU
		{21054DC8-B96E-4DFC-956B-0B676E08BC25}.Ad-Hoc|x64.Deploy.0 = Debug|Any CPU
		{21054DC8-B96E-4DFC-956B-0B676E08BC25}.Ad-Hoc|x86.ActiveCfg = Debug|Any CPU
		{21054DC8-B96E-4DFC-956B-0B676E08BC25}.Ad-Hoc|x86.Build.0 = Debug|Any CPU
		{21054DC8-B96E-4DFC-956B-0B676E08BC25}.Ad-Hoc|x86.Deploy.0 = Debug|Any CPU
		{21054DC8-B96E-4DFC-956B-0B676E08BC25}.AppStore|Any CPU.ActiveCfg = Debug|Any CPU
		{21054DC8-B96E-4DFC-956B-0B676E08BC25}.AppStore|Any CPU.Build.0 = Debug|Any CPU
		{21054DC8-B96E-4DFC-956B-0B676E08BC25}.AppStore|Any CPU.Deploy.0 = Debug|Any CPU
		{21054DC8-B96E-4DFC-956B-0B676E08BC25}.AppStore|ARM.ActiveCfg = Debug|Any CPU
		{21054DC8-B96E-4DFC-956B-0B676E08BC25}.AppStore|ARM.Build.0 = Debug|Any CPU
		{21054DC8-B96E-4DFC-956B-0B676E08BC25}.AppStore|ARM.Deploy.0 = Debug|Any CPU
		{21054DC8-B96E-4DFC-956B-0B676E08BC25}.AppStore|iPhone.ActiveCfg = Debug|Any CPU
		{21054DC8-B96E-4DFC-956B-0B676E08BC25}.AppStore|iPhone.Build.0 = Debug|Any CPU
		{21054DC8-B96E-4DFC-956B-0B676E08BC25}.AppStore|iPhone.Deploy.0 = Debug|Any CPU
		{21054DC8-B96E-4DFC-956B-0B676E08BC25}.AppStore|iPhoneSimulator.ActiveCfg = Debug|Any CPU
		{21054DC8-B96E-4DFC-956B-0B676E08BC25}.AppStore|iPhoneSimulator.Build.0 = Debug|Any CPU
		{21054DC8-B96E-4DFC-956B-0B676E08BC25}.AppStore|iPhoneSimulator.Deploy.0 = Debug|Any CPU
		{21054DC8-B96E-4DFC-956B-0B676E08BC25}.AppStore|x64.ActiveCfg = Debug|Any CPU
		{21054DC8-B96E-4DFC-956B-0B676E08BC25}.AppStore|x64.Build.0 = Debug|Any CPU
		{21054DC8-B96E-4DFC-956B-0B676E08BC25}.AppStore|x64.Deploy.0 = Debug|Any CPU
		{21054DC8-B96E-4DFC-956B-0B676E08BC25}.AppStore|x86.ActiveCfg = Debug|Any CPU
		{21054DC8-B96E-4DFC-956B-0B676E08BC25}.AppStore|x86.Build.0 = Debug|Any CPU
		{21054DC8-B96E-4DFC-956B-0B676E08BC25}.AppStore|x86.Deploy.0 = Debug|Any CPU
		{21054DC8-B96E-4DFC-956B-0B676E08BC25}.Debug|Any CPU.ActiveCfg = Debug|Any CPU
		{21054DC8-B96E-4DFC-956B-0B676E08BC25}.Debug|Any CPU.Build.0 = Debug|Any CPU
		{21054DC8-B96E-4DFC-956B-0B676E08BC25}.Debug|Any CPU.Deploy.0 = Debug|Any CPU
		{21054DC8-B96E-4DFC-956B-0B676E08BC25}.Debug|ARM.ActiveCfg = Debug|Any CPU
		{21054DC8-B96E-4DFC-956B-0B676E08BC25}.Debug|ARM.Build.0 = Debug|Any CPU
		{21054DC8-B96E-4DFC-956B-0B676E08BC25}.Debug|ARM.Deploy.0 = Debug|Any CPU
		{21054DC8-B96E-4DFC-956B-0B676E08BC25}.Debug|iPhone.ActiveCfg = Debug|Any CPU
		{21054DC8-B96E-4DFC-956B-0B676E08BC25}.Debug|iPhone.Build.0 = Debug|Any CPU
		{21054DC8-B96E-4DFC-956B-0B676E08BC25}.Debug|iPhone.Deploy.0 = Debug|Any CPU
		{21054DC8-B96E-4DFC-956B-0B676E08BC25}.Debug|iPhoneSimulator.ActiveCfg = Debug|Any CPU
		{21054DC8-B96E-4DFC-956B-0B676E08BC25}.Debug|iPhoneSimulator.Build.0 = Debug|Any CPU
		{21054DC8-B96E-4DFC-956B-0B676E08BC25}.Debug|iPhoneSimulator.Deploy.0 = Debug|Any CPU
		{21054DC8-B96E-4DFC-956B-0B676E08BC25}.Debug|x64.ActiveCfg = Debug|Any CPU
		{21054DC8-B96E-4DFC-956B-0B676E08BC25}.Debug|x64.Build.0 = Debug|Any CPU
		{21054DC8-B96E-4DFC-956B-0B676E08BC25}.Debug|x64.Deploy.0 = Debug|Any CPU
		{21054DC8-B96E-4DFC-956B-0B676E08BC25}.Debug|x86.ActiveCfg = Debug|Any CPU
		{21054DC8-B96E-4DFC-956B-0B676E08BC25}.Debug|x86.Build.0 = Debug|Any CPU
		{21054DC8-B96E-4DFC-956B-0B676E08BC25}.Debug|x86.Deploy.0 = Debug|Any CPU
		{21054DC8-B96E-4DFC-956B-0B676E08BC25}.Release|Any CPU.ActiveCfg = Release|Any CPU
		{21054DC8-B96E-4DFC-956B-0B676E08BC25}.Release|Any CPU.Build.0 = Release|Any CPU
		{21054DC8-B96E-4DFC-956B-0B676E08BC25}.Release|Any CPU.Deploy.0 = Release|Any CPU
		{21054DC8-B96E-4DFC-956B-0B676E08BC25}.Release|ARM.ActiveCfg = Release|Any CPU
		{21054DC8-B96E-4DFC-956B-0B676E08BC25}.Release|ARM.Build.0 = Release|Any CPU
		{21054DC8-B96E-4DFC-956B-0B676E08BC25}.Release|ARM.Deploy.0 = Release|Any CPU
		{21054DC8-B96E-4DFC-956B-0B676E08BC25}.Release|iPhone.ActiveCfg = Release|Any CPU
		{21054DC8-B96E-4DFC-956B-0B676E08BC25}.Release|iPhone.Build.0 = Release|Any CPU
		{21054DC8-B96E-4DFC-956B-0B676E08BC25}.Release|iPhone.Deploy.0 = Release|Any CPU
		{21054DC8-B96E-4DFC-956B-0B676E08BC25}.Release|iPhoneSimulator.ActiveCfg = Release|Any CPU
		{21054DC8-B96E-4DFC-956B-0B676E08BC25}.Release|iPhoneSimulator.Build.0 = Release|Any CPU
		{21054DC8-B96E-4DFC-956B-0B676E08BC25}.Release|iPhoneSimulator.Deploy.0 = Release|Any CPU
		{21054DC8-B96E-4DFC-956B-0B676E08BC25}.Release|x64.ActiveCfg = Release|Any CPU
		{21054DC8-B96E-4DFC-956B-0B676E08BC25}.Release|x64.Build.0 = Release|Any CPU
		{21054DC8-B96E-4DFC-956B-0B676E08BC25}.Release|x64.Deploy.0 = Release|Any CPU
		{21054DC8-B96E-4DFC-956B-0B676E08BC25}.Release|x86.ActiveCfg = Release|Any CPU
		{21054DC8-B96E-4DFC-956B-0B676E08BC25}.Release|x86.Build.0 = Release|Any CPU
		{21054DC8-B96E-4DFC-956B-0B676E08BC25}.Release|x86.Deploy.0 = Release|Any CPU
	EndGlobalSection
	GlobalSection(SolutionProperties) = preSolution
		HideSolutionNode = FALSE
	EndGlobalSection
	GlobalSection(ExtensibilityGlobals) = postSolution
		SolutionGuid = {08B406ED-ED33-411E-9EA0-99303365D29C}
	EndGlobalSection
EndGlobal
